version = 1
revision = 3
requires-python = ">=3.13"

[[package]]
name = "app-python"
version = "0.1.0"
source = { virtual = "." }
dependencies = [
    { name = "attrs" },
    { name = "bcrypt" },
    { name = "click" },
    { name = "flask" },
    { name = "flask-cors" },
    { name = "flask-jwt-extended" },
    { name = "iniconfig" },
    { name = "itsdangerous" },
    { name = "jinja2" },
    { name = "markupsafe" },
    { name = "neo4j-driver" },
    { name = "packaging" },
    { name = "pluggy" },
    { name = "py" },
    { name = "pyjwt" },
    { name = "pyparsing" },
    { name = "pytest" },
    { name = "python-dotenv" },
    { name = "pytz" },
    { name = "six" },
    { name = "tomli" },
    { name = "werkzeug" },
]

[package.metadata]
requires-dist = [
    { name = "attrs", specifier = "==22.1.0" },
    { name = "bcrypt", specifier = "==4.0.0" },
    { name = "click", specifier = "==8.1.3" },
    { name = "flask", specifier = "==2.2.2" },
    { name = "flask-cors", specifier = "==3.0.10" },
    { name = "flask-jwt-extended", specifier = "==4.4.4" },
    { name = "iniconfig", specifier = "==1.1.1" },
    { name = "itsdangerous", specifier = "==2.1.2" },
    { name = "jinja2", specifier = "==3.1.2" },
    { name = "markupsafe", specifier = "==2.1.1" },
    { name = "neo4j-driver", specifier = "==5.0.1" },
    { name = "packaging", specifier = "==21.3" },
    { name = "pluggy", specifier = "==1.0.0" },
    { name = "py", specifier = "==1.11.0" },
    { name = "pyjwt", specifier = "==2.5.0" },
    { name = "pyparsing", specifier = "==3.0.9" },
    { name = "pytest", specifier = "==7.1.3" },
    { name = "python-dotenv", specifier = "==0.21.0" },
    { name = "pytz", specifier = "==2022.2.1" },
    { name = "six", specifier = "==1.16.0" },
    { name = "tomli", specifier = "==2.0.1" },
    { name = "werkzeug", specifier = "==2.2.2" },
]

[[package]]
name = "attrs"
version = "22.1.0"
source = { registry = "https://pypi.org/simple" }
sdist = { url = "https://files.pythonhosted.org/packages/1a/cb/c4ffeb41e7137b23755a45e1bfec9cbb76ecf51874c6f1d113984ecaa32c/attrs-22.1.0.tar.gz", hash = "sha256:29adc2665447e5191d0e7c568fde78b21f9672d344281d0c6e1ab085429b22b6", size = 201288, upload-time = "2022-07-28T13:20:29.371Z" }
wheels = [
    { url = "https://files.pythonhosted.org/packages/f2/bc/d817287d1aa01878af07c19505fafd1165cd6a119e9d0821ca1d1c20312d/attrs-22.1.0-py2.py3-none-any.whl", hash = "sha256:86efa402f67bf2df34f51a335487cf46b1ec130d02b8d39fd248abfd30da551c", size = 58795, upload-time = "2022-07-28T13:20:27.076Z" },
]

[[package]]
name = "bcrypt"
version = "4.0.0"
source = { registry = "https://pypi.org/simple" }
sdist = { url = "https://files.pythonhosted.org/packages/99/f2/b71b9b5b2400fffac7d42c560ac89f302c4d8e328337b2f05f0a4d9e590d/bcrypt-4.0.0.tar.gz", hash = "sha256:c59c170fc9225faad04dde1ba61d85b413946e8ce2e5f5f5ff30dfd67283f319", size = 25200, upload-time = "2022-08-24T03:43:54.924Z" }
wheels = [
    { url = "https://files.pythonhosted.org/packages/87/7b/b9bda96f6fc870d1125f8c259bf905510f526b9dbeed4ef2a0df6e0106dc/bcrypt-4.0.0-cp36-abi3-macosx_10_10_universal2.whl", hash = "sha256:845b1daf4df2dd94d2fdbc9454953ca9dd0e12970a0bfc9f3dcc6faea3fa96e4", size = 475048, upload-time = "2022-08-24T03:43:30.677Z" },
    { url = "https://files.pythonhosted.org/packages/dd/be/70eee1a2a62b1986e9a60f74b0d7e095bc50fd7cd67109fd82377fa22b90/bcrypt-4.0.0-cp36-abi3-manylinux_2_17_aarch64.manylinux2014_aarch64.manylinux_2_24_aarch64.whl", hash = "sha256:8780e69f9deec9d60f947b169507d2c9816e4f11548f1f7ebee2af38b9b22ae4", size = 584293, upload-time = "2022-08-24T03:44:49.177Z" },
    { url = "https://files.pythonhosted.org/packages/54/e5/64354519c6e6aee70994b9a948b7e823b4012bc7f08a614456c3517560a9/bcrypt-4.0.0-cp36-abi3-manylinux_2_17_aarch64.manylinux2014_aarch64.whl", hash = "sha256:1c3334446fac200499e8bc04a530ce3cf0b3d7151e0e4ac5c0dddd3d95e97843", size = 584343, upload-time = "2022-08-24T03:45:20.355Z" },
    { url = "https://files.pythonhosted.org/packages/c5/77/14bbcd08ad265577ad6ea8e8980b9c0ad668cecfd241ae169b6747c4491b/bcrypt-4.0.0-cp36-abi3-manylinux_2_17_x86_64.manylinux2014_x86_64.whl", hash = "sha256:bfb67f6a6c72dfb0a02f3df51550aa1862708e55128b22543e2b42c74f3620d7", size = 594137, upload-time = "2022-08-24T03:43:43.683Z" },
    { url = "https://files.pythonhosted.org/packages/19/c1/c808dc7bacc620fefa7e7f573fc6b26b5b3030afe5fea7b16e8d87b4be44/bcrypt-4.0.0-cp36-abi3-manylinux_2_24_x86_64.whl", hash = "sha256:7c7dd6c1f05bf89e65261d97ac3a6520f34c2acb369afb57e3ea4449be6ff8fd", size = 594037, upload-time = "2022-08-24T03:43:33.679Z" },
    { url = "https://files.pythonhosted.org/packages/7e/d9/73369b68fba1a4c1c6977a98466af2872b3b81ec3de341cbd8222825ee8a/bcrypt-4.0.0-cp36-abi3-manylinux_2_28_aarch64.whl", hash = "sha256:594780b364fb45f2634c46ec8d3e61c1c0f1811c4f2da60e8eb15594ecbf93ed", size = 584829, upload-time = "2022-08-24T03:46:07.845Z" },
    { url = "https://files.pythonhosted.org/packages/95/d1/cdfcf698433b03af76df3f1ee15c840b1f6e54dcdd5a390a6d581d512ec4/bcrypt-4.0.0-cp36-abi3-manylinux_2_28_x86_64.whl", hash = "sha256:2d0dd19aad87e4ab882ef1d12df505f4c52b28b69666ce83c528f42c07379227", size = 594429, upload-time = "2022-08-24T03:43:40.813Z" },
    { url = "https://files.pythonhosted.org/packages/3a/c4/085d1cbe08f2ac4933db949d5ad9d6d0210e451948e06f247857ab97c1f7/bcrypt-4.0.0-cp36-abi3-musllinux_1_1_aarch64.whl", hash = "sha256:bf413f2a9b0a2950fc750998899013f2e718d20fa4a58b85ca50b6df5ed1bbf9", size = 614572, upload-time = "2022-08-24T03:46:54.003Z" },
    { url = "https://files.pythonhosted.org/packages/f4/54/4bf31e9b77b1c64b3d45cd04d42dbac6b31e9599174d5429238a7a5913d8/bcrypt-4.0.0-cp36-abi3-musllinux_1_1_x86_64.whl", hash = "sha256:ede0f506554571c8eda80db22b83c139303ec6b595b8f60c4c8157bdd0bdee36", size = 624593, upload-time = "2022-08-24T03:43:46.444Z" },
    { url = "https://files.pythonhosted.org/packages/b3/46/fe43bd0912f884c91532e7b3f30923bf43861509b1796f38e1ff841b9653/bcrypt-4.0.0-cp36-abi3-win32.whl", hash = "sha256:dc6ec3dc19b1c193b2f7cf279d3e32e7caf447532fbcb7af0906fe4398900c33", size = 159900, upload-time = "2022-08-24T03:43:51.752Z" },
    { url = "https://files.pythonhosted.org/packages/b1/f9/8c8e387e1c560448ada45266b6457be8949e58a0b5cb59e36d7506546139/bcrypt-4.0.0-cp36-abi3-win_amd64.whl", hash = "sha256:0b0f0c7141622a31e9734b7f649451147c04ebb5122327ac0bd23744df84be90", size = 153088, upload-time = "2022-08-24T03:43:49.757Z" },
]

[[package]]
name = "click"
version = "8.1.3"
source = { registry = "https://pypi.org/simple" }
dependencies = [
    { name = "colorama", marker = "sys_platform == 'win32'" },
]
sdist = { url = "https://files.pythonhosted.org/packages/59/87/84326af34517fca8c58418d148f2403df25303e02736832403587318e9e8/click-8.1.3.tar.gz", hash = "sha256:7682dc8afb30297001674575ea00d1814d808d6a36af415a82bd481d37ba7b8e", size = 331147, upload-time = "2022-04-28T17:36:09.097Z" }
wheels = [
    { url = "https://files.pythonhosted.org/packages/c2/f1/df59e28c642d583f7dacffb1e0965d0e00b218e0186d7858ac5233dce840/click-8.1.3-py3-none-any.whl", hash = "sha256:bb4d8133cb15a609f44e8213d9b391b0809795062913b383c62be0ee95b1db48", size = 96588, upload-time = "2022-04-28T17:36:06.952Z" },
]

[[package]]
name = "colorama"
version = "0.4.6"
source = { registry = "https://pypi.org/simple" }
sdist = { url = "https://files.pythonhosted.org/packages/d8/53/6f443c9a4a8358a93a6792e2acffb9d9d5cb0a5cfd8802644b7b1c9a02e4/colorama-0.4.6.tar.gz", hash = "sha256:08695f5cb7ed6e0531a20572697297273c47b8cae5a63ffc6d6ed5c201be6e44", size = 27697, upload-time = "2022-10-25T02:36:22.414Z" }
wheels = [
    { url = "https://files.pythonhosted.org/packages/d1/d6/3965ed04c63042e047cb6a3e6ed1a63a35087b6a609aa3a15ed8ac56c221/colorama-0.4.6-py2.py3-none-any.whl", hash = "sha256:4f1d9991f5acc0ca119f9d443620b77f9d6b33703e51011c16baf57afb285fc6", size = 25335, upload-time = "2022-10-25T02:36:20.889Z" },
]

[[package]]
name = "flask"
version = "2.2.2"
source = { registry = "https://pypi.org/simple" }
dependencies = [
    { name = "click" },
    { name = "itsdangerous" },
    { name = "jinja2" },
    { name = "werkzeug" },
]
sdist = { url = "https://files.pythonhosted.org/packages/69/b6/53cfa30eed5aa7343daff36622843688ba8c6fe9829bb2b92e193ab1163f/Flask-2.2.2.tar.gz", hash = "sha256:642c450d19c4ad482f96729bd2a8f6d32554aa1e231f4f6b4e7e5264b16cca2b", size = 677389, upload-time = "2022-08-08T23:26:33.199Z" }
wheels = [
    { url = "https://files.pythonhosted.org/packages/0f/43/15f4f9ab225b0b25352412e8daa3d0e3d135fcf5e127070c74c3632c8b4c/Flask-2.2.2-py3-none-any.whl", hash = "sha256:b9c46cc36662a7949f34b52d8ec7bb59c0d74ba08ba6cb9ce9adc1d8676d9526", size = 101477, upload-time = "2022-08-08T23:26:30.228Z" },
]

[[package]]
name = "flask-cors"
version = "3.0.10"
source = { registry = "https://pypi.org/simple" }
dependencies = [
    { name = "flask" },
    { name = "six" },
]
sdist = { url = "https://files.pythonhosted.org/packages/cf/25/e3b2553d22ed542be807739556c69621ad2ab276ae8d5d2560f4ed20f652/Flask-Cors-3.0.10.tar.gz", hash = "sha256:b60839393f3b84a0f3746f6cdca56c1ad7426aa738b70d6c61375857823181de", size = 30867, upload-time = "2021-01-06T00:25:42.749Z" }
wheels = [
    { url = "https://files.pythonhosted.org/packages/db/84/901e700de86604b1c4ef4b57110d4e947c218b9997adf5d38fa7da493bce/Flask_Cors-3.0.10-py2.py3-none-any.whl", hash = "sha256:74efc975af1194fc7891ff5cd85b0f7478be4f7f59fe158102e91abb72bb4438", size = 14067, upload-time = "2021-01-06T00:25:41.464Z" },
]

[[package]]
name = "flask-jwt-extended"
version = "4.4.4"
source = { registry = "https://pypi.org/simple" }
dependencies = [
    { name = "flask" },
    { name = "pyjwt" },
    { name = "werkzeug" },
]
sdist = { url = "https://files.pythonhosted.org/packages/69/ce/6cd609743a4a71452ec5e95a58a44b54374f1673b7c2f88520117f7f4626/Flask-JWT-Extended-4.4.4.tar.gz", hash = "sha256:62b521d75494c290a646ae8acc77123721e4364790f1e64af0038d823961fbf0", size = 33914, upload-time = "2022-08-15T16:32:30.502Z" }
wheels = [
    { url = "https://files.pythonhosted.org/packages/83/5a/f688f884d9bd10b0cf1b34373b5634ddc340f2b1a099d014bc3c997bf562/Flask_JWT_Extended-4.4.4-py2.py3-none-any.whl", hash = "sha256:a85eebfa17c339a7260c4643475af444784ba6de5588adda67406f0a75599553", size = 22488, upload-time = "2022-08-15T16:32:28.955Z" },
]

[[package]]
name = "iniconfig"
version = "1.1.1"
source = { registry = "https://pypi.org/simple" }
sdist = { url = "https://files.pythonhosted.org/packages/23/a2/97899f6bd0e873fed3a7e67ae8d3a08b21799430fb4da15cfedf10d6e2c2/iniconfig-1.1.1.tar.gz", hash = "sha256:bc3af051d7d14b2ee5ef9969666def0cd1a000e121eaea580d4a313df4b37f32", size = 8104, upload-time = "2020-10-14T10:20:18.572Z" }
wheels = [
    { url = "https://files.pythonhosted.org/packages/9b/dd/b3c12c6d707058fa947864b67f0c4e0c39ef8610988d7baea9578f3c48f3/iniconfig-1.1.1-py2.py3-none-any.whl", hash = "sha256:011e24c64b7f47f6ebd835bb12a743f2fbe9a26d4cecaa7f53bc4f35ee9da8b3", size = 4990, upload-time = "2020-10-16T17:37:23.05Z" },
]

[[package]]
name = "itsdangerous"
version = "2.1.2"
source = { registry = "https://pypi.org/simple" }
sdist = { url = "https://files.pythonhosted.org/packages/7f/a1/d3fb83e7a61fa0c0d3d08ad0a94ddbeff3731c05212617dff3a94e097f08/itsdangerous-2.1.2.tar.gz", hash = "sha256:5dbbc68b317e5e42f327f9021763545dc3fc3bfe22e6deb96aaf1fc38874156a", size = 56143, upload-time = "2022-03-24T15:12:15.102Z" }
wheels = [
    { url = "https://files.pythonhosted.org/packages/68/5f/447e04e828f47465eeab35b5d408b7ebaaaee207f48b7136c5a7267a30ae/itsdangerous-2.1.2-py3-none-any.whl", hash = "sha256:2c2349112351b88699d8d4b6b075022c0808887cb7ad10069318a8b0bc88db44", size = 15749, upload-time = "2022-03-24T15:12:13.2Z" },
]

[[package]]
name = "jinja2"
version = "3.1.2"
source = { registry = "https://pypi.org/simple" }
dependencies = [
    { name = "markupsafe" },
]
sdist = { url = "https://files.pythonhosted.org/packages/7a/ff/75c28576a1d900e87eb6335b063fab47a8ef3c8b4d88524c4bf78f670cce/Jinja2-3.1.2.tar.gz", hash = "sha256:31351a702a408a9e7595a8fc6150fc3f43bb6bf7e319770cbc0db9df9437e852", size = 268239, upload-time = "2022-04-28T17:21:27.579Z" }
wheels = [
    { url = "https://files.pythonhosted.org/packages/bc/c3/f068337a370801f372f2f8f6bad74a5c140f6fda3d9de154052708dd3c65/Jinja2-3.1.2-py3-none-any.whl", hash = "sha256:6088930bfe239f0e6710546ab9c19c9ef35e29792895fed6e6e31a023a182a61", size = 133101, upload-time = "2022-04-28T17:21:25.336Z" },
]

[[package]]
name = "markupsafe"
version = "2.1.1"
source = { registry = "https://pypi.org/simple" }
sdist = { url = "https://files.pythonhosted.org/packages/1d/97/2288fe498044284f39ab8950703e88abbac2abbdf65524d576157af70556/MarkupSafe-2.1.1.tar.gz", hash = "sha256:7f91197cc9e48f989d12e4e6fbc46495c446636dfc81b9ccf50bb0ec74b91d4b", size = 18668, upload-time = "2022-03-15T13:23:27.278Z" }

[[package]]
name = "neo4j-driver"
version = "5.0.1"
source = { registry = "https://pypi.org/simple" }
dependencies = [
    { name = "pytz" },
]
sdist = { url = "https://files.pythonhosted.org/packages/9e/c2/657390e887e8904511882ffaff043e9191caae2a27077c36ac62549fe000/neo4j-driver-5.0.1.tar.gz", hash = "sha256:9f962b2dd1356af8210e9146b720da9030d349241e5589177477e699962b52b7", size = 172372, upload-time = "2022-09-20T08:24:06.286Z" }

[[package]]
name = "packaging"
version = "21.3"
source = { registry = "https://pypi.org/simple" }
dependencies = [
    { name = "pyparsing" },
]
sdist = { url = "https://files.pythonhosted.org/packages/df/9e/d1a7217f69310c1db8fdf8ab396229f55a699ce34a203691794c5d1cad0c/packaging-21.3.tar.gz", hash = "sha256:dd47c42927d89ab911e606518907cc2d3a1f38bbd026385970643f9c5b8ecfeb", size = 84848, upload-time = "2021-11-18T00:39:13.586Z" }
wheels = [
    { url = "https://files.pythonhosted.org/packages/05/8e/8de486cbd03baba4deef4142bd643a3e7bbe954a784dc1bb17142572d127/packaging-21.3-py3-none-any.whl", hash = "sha256:ef103e05f519cdc783ae24ea4e2e0f508a9c99b2d4969652eed6a2e1ea5bd522", size = 40750, upload-time = "2021-11-18T00:39:10.932Z" },
]

[[package]]
name = "pluggy"
version = "1.0.0"
source = { registry = "https://pypi.org/simple" }
sdist = { url = "https://files.pythonhosted.org/packages/a1/16/db2d7de3474b6e37cbb9c008965ee63835bba517e22cdb8c35b5116b5ce1/pluggy-1.0.0.tar.gz", hash = "sha256:4224373bacce55f955a878bf9cfa763c1e360858e330072059e10bad68531159", size = 51510, upload-time = "2021-08-25T16:26:02.196Z" }
wheels = [
    { url = "https://files.pythonhosted.org/packages/9e/01/f38e2ff29715251cf25532b9082a1589ab7e4f571ced434f98d0139336dc/pluggy-1.0.0-py2.py3-none-any.whl", hash = "sha256:74134bbf457f031a36d68416e1509f34bd5ccc019f0bcc952c7b909d06b37bd3", size = 13667, upload-time = "2021-08-25T16:25:59.674Z" },
]

[[package]]
name = "py"
version = "1.11.0"
source = { registry = "https://pypi.org/simple" }
sdist = { url = "https://files.pythonhosted.org/packages/98/ff/fec109ceb715d2a6b4c4a85a61af3b40c723a961e8828319fbcb15b868dc/py-1.11.0.tar.gz", hash = "sha256:51c75c4126074b472f746a24399ad32f6053d1b34b68d2fa41e558e6f4a98719", size = 207796, upload-time = "2021-11-04T17:17:01.377Z" }
wheels = [
    { url = "https://files.pythonhosted.org/packages/f6/f0/10642828a8dfb741e5f3fbaac830550a518a775c7fff6f04a007259b0548/py-1.11.0-py2.py3-none-any.whl", hash = "sha256:607c53218732647dff4acdfcd50cb62615cedf612e72d1724fb1a0cc6405b378", size = 98708, upload-time = "2021-11-04T17:17:00.152Z" },
]

[[package]]
name = "pyjwt"
version = "2.5.0"
source = { registry = "https://pypi.org/simple" }
sdist = { url = "https://files.pythonhosted.org/packages/d4/63/6f57a751c9e3135856b44e2c29c548741ec14db3d24b9666e97292aa968e/PyJWT-2.5.0.tar.gz", hash = "sha256:e77ab89480905d86998442ac5788f35333fa85f65047a534adc38edf3c88fc3b", size = 72538, upload-time = "2022-09-17T14:01:58.091Z" }
wheels = [
    { url = "https://files.pythonhosted.org/packages/37/82/43382713811f0ddd9fff1ed778af6818cc2080ccd425e3eba540be690fb6/PyJWT-2.5.0-py3-none-any.whl", hash = "sha256:8d82e7087868e94dd8d7d418e5088ce64f7daab4b36db654cbaedb46f9d1ca80", size = 20309, upload-time = "2022-09-17T14:01:55.968Z" },
]

[[package]]
name = "pyparsing"
version = "3.0.9"
source = { registry = "https://pypi.org/simple" }
sdist = { url = "https://files.pythonhosted.org/packages/71/22/207523d16464c40a0310d2d4d8926daffa00ac1f5b1576170a32db749636/pyparsing-3.0.9.tar.gz", hash = "sha256:2b020ecf7d21b687f219b71ecad3631f644a47f01403fa1d1036b0c6416d70fb", size = 1999906, upload-time = "2022-05-10T23:26:05.963Z" }
wheels = [
    { url = "https://files.pythonhosted.org/packages/6c/10/a7d0fa5baea8fe7b50f448ab742f26f52b80bfca85ac2be9d35cdd9a3246/pyparsing-3.0.9-py3-none-any.whl", hash = "sha256:5026bae9a10eeaefb61dab2f09052b9f4307d44aee4eda64b309723d8d206bbc", size = 98338, upload-time = "2022-05-10T23:26:03.201Z" },
]

[[package]]
name = "pytest"
version = "7.1.3"
source = { registry = "https://pypi.org/simple" }
dependencies = [
    { name = "attrs" },
    { name = "colorama", marker = "sys_platform == 'win32'" },
    { name = "iniconfig" },
    { name = "packaging" },
    { name = "pluggy" },
    { name = "py" },
    { name = "tomli" },
]
sdist = { url = "https://files.pythonhosted.org/packages/a4/a7/8c63a4966935b0d0b039fd67ebf2e1ae00f1af02ceb912d838814d772a9a/pytest-7.1.3.tar.gz", hash = "sha256:4f365fec2dff9c1162f834d9f18af1ba13062db0c708bf7b946f8a5c76180c39", size = 1257801, upload-time = "2022-09-02T11:13:15.701Z" }
wheels = [
    { url = "https://files.pythonhosted.org/packages/e3/b9/3541bbcb412a9fd56593005ff32183825634ef795a1c01ceb6dee86e7259/pytest-7.1.3-py3-none-any.whl", hash = "sha256:1377bda3466d70b55e3f5cecfa55bb7cfcf219c7964629b967c37cf0bda818b7", size = 298172, upload-time = "2022-09-02T11:13:13.78Z" },
]

[[package]]
name = "python-dotenv"
version = "0.21.0"
source = { registry = "https://pypi.org/simple" }
sdist = { url = "https://files.pythonhosted.org/packages/87/8d/ab7352188f605e3f663f34692b2ed7457da5985857e9e4c2335cd12fb3c9/python-dotenv-0.21.0.tar.gz", hash = "sha256:b77d08274639e3d34145dfa6c7008e66df0f04b7be7a75fd0d5292c191d79045", size = 34984, upload-time = "2022-09-03T15:16:14.39Z" }
wheels = [
    { url = "https://files.pythonhosted.org/packages/2d/10/ff4f2f5b2a420fd09e1331d63cc87cf4367c5745c0a4ce99cea92b1cbacb/python_dotenv-0.21.0-py3-none-any.whl", hash = "sha256:1684eb44636dd462b66c3ee016599815514527ad99965de77f43e0944634a7e5", size = 18818, upload-time = "2022-09-03T15:16:12.291Z" },
]

[[package]]
name = "pytz"
version = "2022.2.1"
source = { registry = "https://pypi.org/simple" }
sdist = { url = "https://files.pythonhosted.org/packages/24/0c/401283bb1499768e33ddd2e1a35817c775405c1f047a9dc088a29ce2ea5d/pytz-2022.2.1.tar.gz", hash = "sha256:cea221417204f2d1a2aa03ddae3e867921971d0d76f14d87abb4414415bbdcf5", size = 316105, upload-time = "2022-08-13T02:07:59.396Z" }
wheels = [
    { url = "https://files.pythonhosted.org/packages/d5/50/54451e88e3da4616286029a3a17fc377de817f66a0f50e1faaee90161724/pytz-2022.2.1-py2.py3-none-any.whl", hash = "sha256:220f481bdafa09c3955dfbdddb7b57780e9a94f5127e35456a48589b9e0c0197", size = 500564, upload-time = "2022-08-13T02:07:57.135Z" },
]

[[package]]
name = "six"
version = "1.16.0"
source = { registry = "https://pypi.org/simple" }
sdist = { url = "https://files.pythonhosted.org/packages/71/39/171f1c67cd00715f190ba0b100d606d440a28c93c7714febeca8b79af85e/six-1.16.0.tar.gz", hash = "sha256:1e61c37477a1626458e36f7b1d82aa5c9b094fa4802892072e49de9c60c4c926", size = 34041, upload-time = "2021-05-05T14:18:18.379Z" }
wheels = [
    { url = "https://files.pythonhosted.org/packages/d9/5a/e7c31adbe875f2abbb91bd84cf2dc52d792b5a01506781dbcf25c91daf11/six-1.16.0-py2.py3-none-any.whl", hash = "sha256:8abb2f1d86890a2dfb989f9a77cfcfd3e47c2a354b01111771326f8aa26e0254", size = 11053, upload-time = "2021-05-05T14:18:17.237Z" },
]

[[package]]
name = "tomli"
version = "2.0.1"
source = { registry = "https://pypi.org/simple" }
sdist = { url = "https://files.pythonhosted.org/packages/c0/3f/d7af728f075fb08564c5949a9c95e44352e23dee646869fa104a3b2060a3/tomli-2.0.1.tar.gz", hash = "sha256:de526c12914f0c550d15924c62d72abc48d6fe7364aa87328337a31007fe8a4f", size = 15164, upload-time = "2022-02-08T10:54:04.006Z" }
wheels = [
    { url = "https://files.pythonhosted.org/packages/97/75/10a9ebee3fd790d20926a90a2547f0bf78f371b2f13aa822c759680ca7b9/tomli-2.0.1-py3-none-any.whl", hash = "sha256:939de3e7a6161af0c887ef91b7d41a53e7c5a1ca976325f429cb46ea9bc30ecc", size = 12757, upload-time = "2022-02-08T10:54:02.017Z" },
]

[[package]]
name = "werkzeug"
version = "2.2.2"
source = { registry = "https://pypi.org/simple" }
dependencies = [
    { name = "markupsafe" },
]
sdist = { url = "https://files.pythonhosted.org/packages/f8/c1/1c8e539f040acd80f844c69a5ef8e2fccdf8b442dabb969e497b55d544e1/Werkzeug-2.2.2.tar.gz", hash = "sha256:7ea2d48322cc7c0f8b3a215ed73eabd7b5d75d0b50e31ab006286ccff9e00b8f", size = 844378, upload-time = "2022-08-08T21:44:15.376Z" }
wheels = [
    { url = "https://files.pythonhosted.org/packages/c8/27/be6ddbcf60115305205de79c29004a0c6bc53cec814f733467b1bb89386d/Werkzeug-2.2.2-py3-none-any.whl", hash = "sha256:f979ab81f58d7318e064e99c4506445d60135ac5cd2e177a2de0089bfd4c9bd5", size = 232700, upload-time = "2022-08-08T21:44:13.251Z" },
]
